github.com/BurntSushi/toml v1.6.0 h1:dRaEfpa2VI55EwlIW72hMRHdWouJeRF7TPYhI+AUQjk=
github.com/BurntSushi/toml v1.6.0/go.mod h1:ukJfTF/6rtPPRCnwkur4qwRxa8vTRFBF0uk2lLoLwho=
github.com/antlr4-go/antlr/v4 v4.13.1 h1:SqQKkuVZ+zWkMMNkjy5FZe5mr5WURWnlpmOuzYWrPrQ=
github.com/antlr4-go/antlr/v4 v4.13.1/go.mod h1:GKmUxMtwp6ZgGwZSva4eWPC5mS6vUAmOABFgjdkM7Nw=
github.com/destel/rill v0.8.1 h1:tJTit7kljOy2i2kqP4zHG1dUA452VpMK/myYRy5SY28=
github.com/destel/rill v0.8.1/go.mod h1:srKuXzvGqINUEGYR5b/iwvW+L9/S35RxVHWGYbXNoO4=
github.com/gloo-foo/fn v0.1.22 h1:wAxEM7flRVXxOUy+sLbs7R6J6icUS0XD7Lu5aXysYjw=
github.com/gloo-foo/fn v0.1.22/go.mod h1:+RSC4Wr+Mg42bNCGB8llYBEiIr8mlcfeZk9kngnq3Cw=
github.com/gloo-foo/framework v0.1.28 h1:WuNdcGAoW4uRAgDV7jy/NsxyghJ3oOuSHSFfNpXb6HY=
github.com/gloo-foo/framework v0.1.28/go.mod h1:RyyWZm9REnDv3bQ0Ow5C2Y4Ez9I4GtTuCzCLsruEipg=
github.com/gloo-foo/testable v0.1.26 h1:7Upc1K1OXaNWJec8G4F0xQ29pdT589jFV4rqqeMWSvY=
github.com/gloo-foo/testable v0.1.26/go.mod h1:yBaRcbs5LbJ8pMcgwKPgQWhHZrtxrbASxAlFNLOK8Ak=
github.com/gomatic/cirql v0.1.27 h1:ctXxgUzDMwUIZNDRobSThlJ3KXwiFe7MRtbRBeKfuQ4=
github.com/gomatic/cirql v0.1.27/go.mod h1:QHMnrF8RAKPQrUSce8Gs8aymBxTaMqLu3e8F39oIaY0=
github.com/gomatic/go-error v0.3.18 h1:unisIOm6SsgB9R49KjIr7KPYEmdkhDQqS+jamr64gOQ=
github.com/gomatic/go-error v0.3.18/go.mod h1:HnnNolwIK1o7/o5rVQiz+x6AcVweF7KMCAUyVJjzsP4=
github.com/gomatic/go-json v0.0.18 h1:VHz5vKV1trcA716JtXd7Q2S70pwtOh5eWGYKmaZpe7Q=
github.com/gomatic/go-json v0.0.18/go.mod h1:jzwXoZ++YC9Rwjlp02LUjJc4K1CBJFS08GbZQZV/OwU=
github.com/spf13/afero v1.15.0 h1:b/YBCLWAJdFWJTN9cLhiXXcD7mzKn9Dm86dNnfyQw1I=
github.com/spf13/afero v1.15.0/go.mod h1:NC2ByUVxtQs4b3sIUphxK0NioZnmxgyCrfzeuq8lxMg=
github.com/stretchr/testify v1.12.1 h1:EuwCh5fleGS7H32xRwO3wRGT7DxrDhLAT6FF8MpWDWE=
github.com/stretchr/testify v1.12.1/go.mod h1:MDEgiDPPsNp5cuIrHPPCyornHKgEVbtFUmoNlxoYthg=
go.yaml.in/yaml/v3 v3.0.5 h1:N6y/pJk8buWs9NY5ERU2HSMfm+IuD/OtfdAnq6kESPw=
go.yaml.in/yaml/v3 v3.0.5/go.mod h1:HVTZu1O7/Vkt2N+BFy8Zza+lnLsABggaTM2ZpNIGuKg=
golang.org/x/exp v0.0.0-20260709172345-9ea1abe57597 h1:qLvzZeaANDgyVOA8pyHCOStGlXn0rseXma+GQjeuv2g=
golang.org/x/exp v0.0.0-20260709172345-9ea1abe57597/go.mod h1:EdfpwwqSu+0Li0mzskwHU6FWDV3t9Q+RZDo3QMUtL3Q=
golang.org/x/text v0.40.0 h1:Ub2Z6/xjgF1WrYQz2nuITOEegKFtiIy+rieRJ5lHZKs=
golang.org/x/text v0.40.0/go.mod h1:hpnzDAfGV753zIKo+wk3u1bVKCGPbrnF7+7LBF/UHVY=
gopkg.in/check.v1 v0.0.0-20161208181325-20d25e280405 h1:yhCVgyC4o1eVCa2tZl7eS0r+SDo693bJlVdllGtEeKM=
gopkg.in/check.v1 v0.0.0-20161208181325-20d25e280405/go.mod h1:Co6ibVJAznAaIkqp8huTwlJQCZ016jof/cbN4VW5Yz0=
gopkg.in/yaml.v3 v3.0.1 h1:fxVm/GzAzEWqLHuvctI91KS9hhNmmWOoWu0XTYJS7CA=
gopkg.in/yaml.v3 v3.0.1/go.mod h1:K4uyk7z7BCEPqu6E+C64Yfv1cQ7kz7rIZviUmN+EgEM=
